
Microsoft Visual Studio Solution File, Format Version 12.00
# Visual Studio Version 16
VisualStudioVersion = 16.0.30523.141
MinimumVisualStudioVersion = 10.0.40219.1
Project("{FAE04EC0-301F-11D3-BF4B-00C04F79EFBC}") = "Task", "Task\Task.csproj", "{9A243228-E117-401A-BB51-5B0CB497D179}"
EndProject
Project("{FAE04EC0-301F-11D3-BF4B-00C04F79EFBC}") = "TaskTests", "TaskTest\TaskTests.csproj", "{9EC062B0-BDFA-476D-ADF4-7A46631A7C43}"
EndProject
Global
	GlobalSection(SolutionConfigurationPlatforms) = preSolution
		Debug|Any CPU = Debug|Any CPU
		Release|Any CPU = Release|Any CPU
	EndGlobalSection
	GlobalSection(ProjectConfigurationPlatforms) = postSolution
		{9A243228-E117-401A-BB51-5B0CB497D179}.Debug|Any CPU.ActiveCfg = Debug|Any CPU
		{9A243228-E117-401A-BB51-5B0CB497D179}.Debug|Any CPU.Build.0 = Debug|Any CPU
		{9A243228-E117-401A-BB51-5B0CB497D179}.Release|Any CPU.ActiveCfg = Release|Any CPU
		{9A243228-E117-401A-BB51-5B0CB497D179}.Release|Any CPU.Build.0 = Release|Any CPU
		{9EC062B0-BDFA-476D-ADF4-7A46631A7C43}.Debug|Any CPU.ActiveCfg = Debug|Any CPU
		{9EC062B0-BDFA-476D-ADF4-7A46631A7C43}.Debug|Any CPU.Build.0 = Debug|Any CPU
		{9EC062B0-BDFA-476D-ADF4-7A46631A7C43}.Release|Any CPU.ActiveCfg = Release|Any CPU
		{9EC062B0-BDFA-476D-ADF4-7A46631A7C43}.Release|Any CPU.Build.0 = Release|Any CPU
	EndGlobalSection
	GlobalSection(SolutionProperties) = preSolution
		HideSolutionNode = FALSE
	EndGlobalSection
	GlobalSection(ExtensibilityGlobals) = postSolution
		SolutionGuid = {9706048C-57A8-47FD-8462-63A1FF1CB84A}
	EndGlobalSection
EndGlobal
